<?xml version="1.0" encoding="utf-8"?>
<Project ToolsVersion="4.0" xmlns="http://schemas.microsoft.com/developer/msbuild/2003">
  <ItemGroup>
    <Filter Include="Source Files">
      <UniqueIdentifier>{4FC737F1-C7A5-4376-A066-2A32D752A2FF}</UniqueIdentifier>
      <Extensions>cpp;c;cc;cxx;def;odl;idl;hpj;bat;asm;asmx</Extensions>
    </Filter>
    <Filter Include="Header Files">
      <UniqueIdentifier>{93995380-89BD-4b04-88EB-625FBE52EBFB}</UniqueIdentifier>
      <Extensions>h;hpp;hxx;hm;inl;inc;xsd</Extensions>
    </Filter>
    <Filter Include="Resource Files">
      <UniqueIdentifier>{67DA6AB6-F800-4c08-8B7A-83BB121AAD01}</UniqueIdentifier>
      <Extensions>rc;ico;cur;bmp;dlg;rc2;rct;bin;rgs;gif;jpg;jpeg;jpe;resx;tiff;tif;png;wav</Extensions>
    </Filter>
  </ItemGroup>
  <ItemGroup>
    <ClCompile Include="CDIPCClient.cpp">
      <Filter>Source Files</Filter>
    </ClCompile>
    <ClCompile Include="CDIPCClientEndpoint.cpp">
      <Filter>Source Files</Filter>
    </ClCompile>
    <ClCompile Include="CDIPCEndpointBase.cpp">
      <Filter>Source Files</Filter>
    </ClCompile>
    <ClCompile Include="CDIPCServer.cpp">
      <Filter>Source Files</Filter>
    </ClCompile>
    <ClCompile Include="CDIPCServerEndpoint.cpp">
      <Filter>Source Files</Filter>
    </ClCompile>
    <ClCompile Include="CDIPCP2PChannel.cpp">
      <Filter>Source Files</Filter>
    </ClCompile>
    <ClCompile Include="CDIPCP2PServer.cpp">
      <Filter>Source Files</Filter>
    </ClCompile>
    <ClCompile Include="CJnoClass.cpp">
      <Filter>Source Files</Filter>
    </ClCompile>
  </ItemGroup>
  <ItemGroup>
    <ClInclude Include="CDIPCClient.h">
      <Filter>Header Files</Filter>
    </ClInclude>
    <ClInclude Include="CDIPCClientEndpoint.h">
      <Filter>Header Files</Filter>
    </ClInclude>
    <ClInclude Include="CDIPCEndpointBase.h">
      <Filter>Header Files</Filter>
    </ClInclude>
    <ClInclude Include="CDIPCServer.h">
      <Filter>Header Files</Filter>
    </ClInclude>
    <ClInclude Include="CDIPCServerEndpoint.h">
      <Filter>Header Files</Filter>
    </ClInclude>
    <ClInclude Include="..\include\IDIPC.h">
      <Filter>Header Files</Filter>
    </ClInclude>
    <ClInclude Include="DIPCPdu.h">
      <Filter>Header Files</Filter>
    </ClInclude>
    <ClInclude Include="CDIPCP2PChannel.h">
      <Filter>Header Files</Filter>
    </ClInclude>
    <ClInclude Include="CJnoClass.h">
      <Filter>Header Files</Filter>
    </ClInclude>
    <ClInclude Include="CDIPCP2PServer.h">
      <Filter>Header Files</Filter>
    </ClInclude>
  </ItemGroup>
  <ItemGroup>
    <ResourceCompile Include="dipc.rc">
      <Filter>Resource Files</Filter>
    </ResourceCompile>
  </ItemGroup>
</Project>