
Microsoft Visual Studio Solution File, Format Version 12.00
# Visual Studio 2013
#
# This file was generated by MPC.  Any changes made directly to
# this file will be lost the next time it is generated.
#
# MPC Command:
# /home/johnny/ACE/DOC_ROOT/stage-4623/ACE_wrappers/bin/mwc.pl -type vc12 -recurse -hierarchy -relative ACE_ROOT=/home/johnny/ACE/DOC_ROOT/stage-4623/ACE_wrappers -relative TAO_ROOT=/home/johnny/ACE/DOC_ROOT/stage-4623/ACE_wrappers/TAO -workers 8 -name_modifier "*_vc12"
Project("{8BC9CEB8-8B4A-11D0-8D11-00A0C91BC942}") = "Client", "Client_vc12.vcxproj", "{29AC1344-FECA-1BAD-4280-FE54CE10D8BD}"
EndProject
Project("{8BC9CEB8-8B4A-11D0-8D11-00A0C91BC942}") = "HAStatus_AC", "HAStatus_AC_vc12.vcxproj", "{619E35C9-FECA-1BAD-4280-FE54CE10D8BD}"
EndProject
Project("{8BC9CEB8-8B4A-11D0-8D11-00A0C91BC942}") = "HAStatus", "HAStatus_vc12.vcxproj", "{229012CD-FECA-1BAD-4280-FE54CE10D8BD}"
EndProject
Project("{8BC9CEB8-8B4A-11D0-8D11-00A0C91BC942}") = "Reactor_Timers", "Reactor_Timers_vc12.vcxproj", "{775BA027-FECA-1BAD-4280-FE54CE10D8BD}"
EndProject
Project("{8BC9CEB8-8B4A-11D0-8D11-00A0C91BC942}") = "Reschedule", "Reschedule_vc12.vcxproj", "{7E9908D8-FECA-1BAD-4280-FE54CE10D8BD}"
EndProject
Project("{8BC9CEB8-8B4A-11D0-8D11-00A0C91BC942}") = "Schedule_Timers", "Schedule_Timers_vc12.vcxproj", "{0679A1F3-FECA-1BAD-4280-FE54CE10D8BD}"
EndProject
Project("{8BC9CEB8-8B4A-11D0-8D11-00A0C91BC942}") = "Timer_Cancel", "Timer_Cancel_vc12.vcxproj", "{B80BE3C1-FECA-1BAD-4280-FE54CE10D8BD}"
EndProject
Project("{8BC9CEB8-8B4A-11D0-8D11-00A0C91BC942}") = "Timer_State_Data", "Timer_State_Data_vc12.vcxproj", "{D6888D7E-FECA-1BAD-4280-FE54CE10D8BD}"
EndProject
Global
	GlobalSection(SolutionConfigurationPlatforms) = preSolution
		Debug|Win32 = Debug|Win32
		Debug|x64 = Debug|x64
		Release|Win32 = Release|Win32
		Release|x64 = Release|x64
	EndGlobalSection
	GlobalSection(ProjectConfigurationPlatforms) = postSolution
		{29AC1344-FECA-1BAD-4280-FE54CE10D8BD}.Debug|Win32.ActiveCfg = Debug|Win32
		{29AC1344-FECA-1BAD-4280-FE54CE10D8BD}.Debug|Win32.Build.0 = Debug|Win32
		{29AC1344-FECA-1BAD-4280-FE54CE10D8BD}.Debug|x64.ActiveCfg = Debug|x64
		{29AC1344-FECA-1BAD-4280-FE54CE10D8BD}.Debug|x64.Build.0 = Debug|x64
		{29AC1344-FECA-1BAD-4280-FE54CE10D8BD}.Release|Win32.ActiveCfg = Release|Win32
		{29AC1344-FECA-1BAD-4280-FE54CE10D8BD}.Release|Win32.Build.0 = Release|Win32
		{29AC1344-FECA-1BAD-4280-FE54CE10D8BD}.Release|x64.ActiveCfg = Release|x64
		{29AC1344-FECA-1BAD-4280-FE54CE10D8BD}.Release|x64.Build.0 = Release|x64
		{619E35C9-FECA-1BAD-4280-FE54CE10D8BD}.Debug|Win32.ActiveCfg = Debug|Win32
		{619E35C9-FECA-1BAD-4280-FE54CE10D8BD}.Debug|Win32.Build.0 = Debug|Win32
		{619E35C9-FECA-1BAD-4280-FE54CE10D8BD}.Debug|x64.ActiveCfg = Debug|x64
		{619E35C9-FECA-1BAD-4280-FE54CE10D8BD}.Debug|x64.Build.0 = Debug|x64
		{619E35C9-FECA-1BAD-4280-FE54CE10D8BD}.Release|Win32.ActiveCfg = Release|Win32
		{619E35C9-FECA-1BAD-4280-FE54CE10D8BD}.Release|Win32.Build.0 = Release|Win32
		{619E35C9-FECA-1BAD-4280-FE54CE10D8BD}.Release|x64.ActiveCfg = Release|x64
		{619E35C9-FECA-1BAD-4280-FE54CE10D8BD}.Release|x64.Build.0 = Release|x64
		{229012CD-FECA-1BAD-4280-FE54CE10D8BD}.Debug|Win32.ActiveCfg = Debug|Win32
		{229012CD-FECA-1BAD-4280-FE54CE10D8BD}.Debug|Win32.Build.0 = Debug|Win32
		{229012CD-FECA-1BAD-4280-FE54CE10D8BD}.Debug|x64.ActiveCfg = Debug|x64
		{229012CD-FECA-1BAD-4280-FE54CE10D8BD}.Debug|x64.Build.0 = Debug|x64
		{229012CD-FECA-1BAD-4280-FE54CE10D8BD}.Release|Win32.ActiveCfg = Release|Win32
		{229012CD-FECA-1BAD-4280-FE54CE10D8BD}.Release|Win32.Build.0 = Release|Win32
		{229012CD-FECA-1BAD-4280-FE54CE10D8BD}.Release|x64.ActiveCfg = Release|x64
		{229012CD-FECA-1BAD-4280-FE54CE10D8BD}.Release|x64.Build.0 = Release|x64
		{775BA027-FECA-1BAD-4280-FE54CE10D8BD}.Debug|Win32.ActiveCfg = Debug|Win32
		{775BA027-FECA-1BAD-4280-FE54CE10D8BD}.Debug|Win32.Build.0 = Debug|Win32
		{775BA027-FECA-1BAD-4280-FE54CE10D8BD}.Debug|x64.ActiveCfg = Debug|x64
		{775BA027-FECA-1BAD-4280-FE54CE10D8BD}.Debug|x64.Build.0 = Debug|x64
		{775BA027-FECA-1BAD-4280-FE54CE10D8BD}.Release|Win32.ActiveCfg = Release|Win32
		{775BA027-FECA-1BAD-4280-FE54CE10D8BD}.Release|Win32.Build.0 = Release|Win32
		{775BA027-FECA-1BAD-4280-FE54CE10D8BD}.Release|x64.ActiveCfg = Release|x64
		{775BA027-FECA-1BAD-4280-FE54CE10D8BD}.Release|x64.Build.0 = Release|x64
		{7E9908D8-FECA-1BAD-4280-FE54CE10D8BD}.Debug|Win32.ActiveCfg = Debug|Win32
		{7E9908D8-FECA-1BAD-4280-FE54CE10D8BD}.Debug|Win32.Build.0 = Debug|Win32
		{7E9908D8-FECA-1BAD-4280-FE54CE10D8BD}.Debug|x64.ActiveCfg = Debug|x64
		{7E9908D8-FECA-1BAD-4280-FE54CE10D8BD}.Debug|x64.Build.0 = Debug|x64
		{7E9908D8-FECA-1BAD-4280-FE54CE10D8BD}.Release|Win32.ActiveCfg = Release|Win32
		{7E9908D8-FECA-1BAD-4280-FE54CE10D8BD}.Release|Win32.Build.0 = Release|Win32
		{7E9908D8-FECA-1BAD-4280-FE54CE10D8BD}.Release|x64.ActiveCfg = Release|x64
		{7E9908D8-FECA-1BAD-4280-FE54CE10D8BD}.Release|x64.Build.0 = Release|x64
		{0679A1F3-FECA-1BAD-4280-FE54CE10D8BD}.Debug|Win32.ActiveCfg = Debug|Win32
		{0679A1F3-FECA-1BAD-4280-FE54CE10D8BD}.Debug|Win32.Build.0 = Debug|Win32
		{0679A1F3-FECA-1BAD-4280-FE54CE10D8BD}.Debug|x64.ActiveCfg = Debug|x64
		{0679A1F3-FECA-1BAD-4280-FE54CE10D8BD}.Debug|x64.Build.0 = Debug|x64
		{0679A1F3-FECA-1BAD-4280-FE54CE10D8BD}.Release|Win32.ActiveCfg = Release|Win32
		{0679A1F3-FECA-1BAD-4280-FE54CE10D8BD}.Release|Win32.Build.0 = Release|Win32
		{0679A1F3-FECA-1BAD-4280-FE54CE10D8BD}.Release|x64.ActiveCfg = Release|x64
		{0679A1F3-FECA-1BAD-4280-FE54CE10D8BD}.Release|x64.Build.0 = Release|x64
		{B80BE3C1-FECA-1BAD-4280-FE54CE10D8BD}.Debug|Win32.ActiveCfg = Debug|Win32
		{B80BE3C1-FECA-1BAD-4280-FE54CE10D8BD}.Debug|Win32.Build.0 = Debug|Win32
		{B80BE3C1-FECA-1BAD-4280-FE54CE10D8BD}.Debug|x64.ActiveCfg = Debug|x64
		{B80BE3C1-FECA-1BAD-4280-FE54CE10D8BD}.Debug|x64.Build.0 = Debug|x64
		{B80BE3C1-FECA-1BAD-4280-FE54CE10D8BD}.Release|Win32.ActiveCfg = Release|Win32
		{B80BE3C1-FECA-1BAD-4280-FE54CE10D8BD}.Release|Win32.Build.0 = Release|Win32
		{B80BE3C1-FECA-1BAD-4280-FE54CE10D8BD}.Release|x64.ActiveCfg = Release|x64
		{B80BE3C1-FECA-1BAD-4280-FE54CE10D8BD}.Release|x64.Build.0 = Release|x64
		{D6888D7E-FECA-1BAD-4280-FE54CE10D8BD}.Debug|Win32.ActiveCfg = Debug|Win32
		{D6888D7E-FECA-1BAD-4280-FE54CE10D8BD}.Debug|Win32.Build.0 = Debug|Win32
		{D6888D7E-FECA-1BAD-4280-FE54CE10D8BD}.Debug|x64.ActiveCfg = Debug|x64
		{D6888D7E-FECA-1BAD-4280-FE54CE10D8BD}.Debug|x64.Build.0 = Debug|x64
		{D6888D7E-FECA-1BAD-4280-FE54CE10D8BD}.Release|Win32.ActiveCfg = Release|Win32
		{D6888D7E-FECA-1BAD-4280-FE54CE10D8BD}.Release|Win32.Build.0 = Release|Win32
		{D6888D7E-FECA-1BAD-4280-FE54CE10D8BD}.Release|x64.ActiveCfg = Release|x64
		{D6888D7E-FECA-1BAD-4280-FE54CE10D8BD}.Release|x64.Build.0 = Release|x64
	EndGlobalSection
	GlobalSection(SolutionProperties) = preSolution
		HideSolutionNode = FALSE
	EndGlobalSection
EndGlobal
